
Microsoft Visual Studio Solution File, Format Version 12.00
# Visual Studio 15
VisualStudioVersion = 15.0.28307.329
MinimumVisualStudioVersion = 10.0.40219.1
Project("{2150E333-8FDC-42A3-9474-1A3956D46DE8}") = "Src", "Src", "{EE9ADD7C-33B9-49F1-A1E0-DCBADFEF341E}"
EndProject
Project("{2150E333-8FDC-42A3-9474-1A3956D46DE8}") = "Presentation", "Presentation", "{7147C56D-6579-4F60-AF16-7319D8CA8E77}"
EndProject
Project("{2150E333-8FDC-42A3-9474-1A3956D46DE8}") = "Core", "Core", "{C22E2579-C05A-4A89-B95D-931F0B008858}"
EndProject
Project("{2150E333-8FDC-42A3-9474-1A3956D46DE8}") = "Infrastructure", "Infrastructure", "{B1401930-75C7-4AA3-8D1E-A7FBF26D6894}"
EndProject
Project("{9A19103F-16F7-4668-BE54-9A1E7A4F7556}") = "AR.Domain", "AR.Domain\AR.Domain.csproj", "{9443EE6F-D35C-4EC4-83B8-C6D345D64340}"
EndProject
Project("{9A19103F-16F7-4668-BE54-9A1E7A4F7556}") = "AR.Application", "AR.Application\AR.Application.csproj", "{82AC0ECA-8CFB-489D-8329-12518E840B75}"
EndProject
Project("{9A19103F-16F7-4668-BE54-9A1E7A4F7556}") = "AR.Persistence", "AR.Persistence\AR.Persistence.csproj", "{0216E264-7BEE-4328-8772-F4C1917D6427}"
EndProject
Project("{9A19103F-16F7-4668-BE54-9A1E7A4F7556}") = "AR.Infrastructure", "AR.Infrastructure\AR.Infrastructure.csproj", "{D5F0B775-9AF6-45AB-A401-822849CA0B08}"
EndProject
Project("{9A19103F-16F7-4668-BE54-9A1E7A4F7556}") = "AR.WebUI", "AR.WebUI\AR.WebUI.csproj", "{683EAD07-01E0-4944-9157-23A2031D8EE7}"
EndProject
Project("{9A19103F-16F7-4668-BE54-9A1E7A4F7556}") = "AR.SPA", "AR.SPA\AR.SPA.csproj", "{D05363F3-B636-4A8F-921B-39A6C2F6D5A7}"
EndProject
Project("{FAE04EC0-301F-11D3-BF4B-00C04F79EFBC}") = "AR.WebSPA", "AR.WebSPA\AR.WebSPA.csproj", "{6BB38B48-0B33-472C-9445-14192BB9E733}"
EndProject
Global
	GlobalSection(SolutionConfigurationPlatforms) = preSolution
		Debug|Any CPU = Debug|Any CPU
		Release|Any CPU = Release|Any CPU
	EndGlobalSection
	GlobalSection(ProjectConfigurationPlatforms) = postSolution
		{9443EE6F-D35C-4EC4-83B8-C6D345D64340}.Debug|Any CPU.ActiveCfg = Debug|Any CPU
		{9443EE6F-D35C-4EC4-83B8-C6D345D64340}.Debug|Any CPU.Build.0 = Debug|Any CPU
		{9443EE6F-D35C-4EC4-83B8-C6D345D64340}.Release|Any CPU.ActiveCfg = Release|Any CPU
		{9443EE6F-D35C-4EC4-83B8-C6D345D64340}.Release|Any CPU.Build.0 = Release|Any CPU
		{82AC0ECA-8CFB-489D-8329-12518E840B75}.Debug|Any CPU.ActiveCfg = Debug|Any CPU
		{82AC0ECA-8CFB-489D-8329-12518E840B75}.Debug|Any CPU.Build.0 = Debug|Any CPU
		{82AC0ECA-8CFB-489D-8329-12518E840B75}.Release|Any CPU.ActiveCfg = Release|Any CPU
		{82AC0ECA-8CFB-489D-8329-12518E840B75}.Release|Any CPU.Build.0 = Release|Any CPU
		{0216E264-7BEE-4328-8772-F4C1917D6427}.Debug|Any CPU.ActiveCfg = Debug|Any CPU
		{0216E264-7BEE-4328-8772-F4C1917D6427}.Debug|Any CPU.Build.0 = Debug|Any CPU
		{0216E264-7BEE-4328-8772-F4C1917D6427}.Release|Any CPU.ActiveCfg = Release|Any CPU
		{0216E264-7BEE-4328-8772-F4C1917D6427}.Release|Any CPU.Build.0 = Release|Any CPU
		{D5F0B775-9AF6-45AB-A401-822849CA0B08}.Debug|Any CPU.ActiveCfg = Debug|Any CPU
		{D5F0B775-9AF6-45AB-A401-822849CA0B08}.Debug|Any CPU.Build.0 = Debug|Any CPU
		{D5F0B775-9AF6-45AB-A401-822849CA0B08}.Release|Any CPU.ActiveCfg = Release|Any CPU
		{D5F0B775-9AF6-45AB-A401-822849CA0B08}.Release|Any CPU.Build.0 = Release|Any CPU
		{683EAD07-01E0-4944-9157-23A2031D8EE7}.Debug|Any CPU.ActiveCfg = Debug|Any CPU
		{683EAD07-01E0-4944-9157-23A2031D8EE7}.Debug|Any CPU.Build.0 = Debug|Any CPU
		{683EAD07-01E0-4944-9157-23A2031D8EE7}.Release|Any CPU.ActiveCfg = Release|Any CPU
		{683EAD07-01E0-4944-9157-23A2031D8EE7}.Release|Any CPU.Build.0 = Release|Any CPU
		{D05363F3-B636-4A8F-921B-39A6C2F6D5A7}.Debug|Any CPU.ActiveCfg = Debug|Any CPU
		{D05363F3-B636-4A8F-921B-39A6C2F6D5A7}.Debug|Any CPU.Build.0 = Debug|Any CPU
		{D05363F3-B636-4A8F-921B-39A6C2F6D5A7}.Release|Any CPU.ActiveCfg = Release|Any CPU
		{D05363F3-B636-4A8F-921B-39A6C2F6D5A7}.Release|Any CPU.Build.0 = Release|Any CPU
		{6BB38B48-0B33-472C-9445-14192BB9E733}.Debug|Any CPU.ActiveCfg = Debug|Any CPU
		{6BB38B48-0B33-472C-9445-14192BB9E733}.Debug|Any CPU.Build.0 = Debug|Any CPU
		{6BB38B48-0B33-472C-9445-14192BB9E733}.Release|Any CPU.ActiveCfg = Release|Any CPU
		{6BB38B48-0B33-472C-9445-14192BB9E733}.Release|Any CPU.Build.0 = Release|Any CPU
	EndGlobalSection
	GlobalSection(SolutionProperties) = preSolution
		HideSolutionNode = FALSE
	EndGlobalSection
	GlobalSection(NestedProjects) = preSolution
		{7147C56D-6579-4F60-AF16-7319D8CA8E77} = {EE9ADD7C-33B9-49F1-A1E0-DCBADFEF341E}
		{C22E2579-C05A-4A89-B95D-931F0B008858} = {EE9ADD7C-33B9-49F1-A1E0-DCBADFEF341E}
		{B1401930-75C7-4AA3-8D1E-A7FBF26D6894} = {EE9ADD7C-33B9-49F1-A1E0-DCBADFEF341E}
		{9443EE6F-D35C-4EC4-83B8-C6D345D64340} = {C22E2579-C05A-4A89-B95D-931F0B008858}
		{82AC0ECA-8CFB-489D-8329-12518E840B75} = {C22E2579-C05A-4A89-B95D-931F0B008858}
		{0216E264-7BEE-4328-8772-F4C1917D6427} = {B1401930-75C7-4AA3-8D1E-A7FBF26D6894}
		{D5F0B775-9AF6-45AB-A401-822849CA0B08} = {B1401930-75C7-4AA3-8D1E-A7FBF26D6894}
		{683EAD07-01E0-4944-9157-23A2031D8EE7} = {7147C56D-6579-4F60-AF16-7319D8CA8E77}
		{D05363F3-B636-4A8F-921B-39A6C2F6D5A7} = {7147C56D-6579-4F60-AF16-7319D8CA8E77}
		{6BB38B48-0B33-472C-9445-14192BB9E733} = {7147C56D-6579-4F60-AF16-7319D8CA8E77}
	EndGlobalSection
	GlobalSection(ExtensibilityGlobals) = postSolution
		SolutionGuid = {54578ED8-4731-47BB-AACE-BE759ED642D7}
	EndGlobalSection
EndGlobal
