{
  "requires": true,
  "lockfileVersion": 1,
  "dependencies": {
    "nswag": {
      "version": "12.0.14",
      "resolved": "https://registry.npmjs.org/nswag/-/nswag-12.0.14.tgz",
      "integrity": "sha512-nRU6rp4Hyj3S7Gr2mMyzfDTlAPZi1GC/0KTDZDsocOARiv3iiG6QUQCPp5tSwmz65Ayb2VL7FDVhriAYTPwqng==",
      "dev": true
    }
  }
}
